
Microsoft Visual Studio Solution File, Format Version 12.00
# Visual Studio Version 17
VisualStudioVersion = 17.0.31903.59
MinimumVisualStudioVersion = 10.0.40219.1
Project("{FAE04EC0-301F-11D3-BF4B-00C04F79EFBC}") = "ContentHub", "ContentHub/ContentHub.csproj", "{4D88A17E-2DC6-4A99-A4A7-E17FFA5C6DFE}"
EndProject
Project("{FAE04EC0-301F-11D3-BF4B-00C04F79EFBC}") = "ContentHub.Tests", "ContentHub.Tests/ContentHub.Tests.csproj", "{845BF7B7-592F-4F33-BE2B-9A67DB997243}"
EndProject
Global
	GlobalSection(SolutionConfigurationPlatforms) = preSolution
		Debug|Any CPU = Debug|Any CPU
		Release|Any CPU = Release|Any CPU
	EndGlobalSection
	GlobalSection(SolutionProperties) = preSolution
		HideSolutionNode = FALSE
	EndGlobalSection
	GlobalSection(ProjectConfigurationPlatforms) = postSolution
		{4D88A17E-2DC6-4A99-A4A7-E17FFA5C6DFE}.Debug|Any CPU.ActiveCfg = Debug|Any CPU
		{4D88A17E-2DC6-4A99-A4A7-E17FFA5C6DFE}.Debug|Any CPU.Build.0 = Debug|Any CPU
		{4D88A17E-2DC6-4A99-A4A7-E17FFA5C6DFE}.Release|Any CPU.ActiveCfg = Release|Any CPU
		{4D88A17E-2DC6-4A99-A4A7-E17FFA5C6DFE}.Release|Any CPU.Build.0 = Release|Any CPU
		{845BF7B7-592F-4F33-BE2B-9A67DB997243}.Debug|Any CPU.ActiveCfg = Debug|Any CPU
		{845BF7B7-592F-4F33-BE2B-9A67DB997243}.Debug|Any CPU.Build.0 = Debug|Any CPU
		{845BF7B7-592F-4F33-BE2B-9A67DB997243}.Release|Any CPU.ActiveCfg = Release|Any CPU
		{845BF7B7-592F-4F33-BE2B-9A67DB997243}.Release|Any CPU.Build.0 = Release|Any CPU
	EndGlobalSection
EndGlobal
